{
  "name": "vibe-engineering-skill",
  "version": "1.0.1",
  "lockfileVersion": 3,
  "requires": true,
  "packages": {
    "": {
      "name": "vibe-engineering-skill",
      "version": "1.0.1",
      "license": "MIT",
      "bin": {
        "create-stack-guard-skill": "bin/index.js",
        "create-vibe-engineering-skill": "bin/index.js",
        "vibe-engineering-skill": "bin/index.js"
      }
    }
  }
}
